
Microsoft Visual Studio Solution File, Format Version 12.00
# Visual Studio Version 17
VisualStudioVersion = 17.13.36105.23
MinimumVisualStudioVersion = 10.0.40219.1
Project("{FAE04EC0-301F-11D3-BF4B-00C04F79EFBC}") = "libAudioCopy", "libAudioCopy\libAudioCopy.csproj", "{131FB26C-6A52-4777-B526-3F336A217C27}"
EndProject
Project("{FAE04EC0-301F-11D3-BF4B-00C04F79EFBC}") = "AudioCopyUI", "AudioCopyUI\AudioCopyUI.csproj", "{EA653918-CD73-4CE0-93A9-2C96CB570916}"
EndProject
Project("{FAE04EC0-301F-11D3-BF4B-00C04F79EFBC}") = "libAudioCopy_Backend", "libAudioCopy-Backend\libAudioCopy_Backend.csproj", "{040ECBA0-8108-4F59-B732-A0A082AAF4AE}"
EndProject
Project("{FAE04EC0-301F-11D3-BF4B-00C04F79EFBC}") = "AudioCopyUI_Tray", "AudioCopyUI_Tray\AudioCopyUI_Tray.csproj", "{1F79F758-E026-4A4E-B0F0-3C4DB13C4297}"
EndProject
Project("{FAE04EC0-301F-11D3-BF4B-00C04F79EFBC}") = "AudioCopyUI_TrayHelper", "AudioCopyUI_TrayHelper\AudioCopyUI_TrayHelper.csproj", "{35C4F53B-0B03-477F-8287-721CB760E745}"
EndProject
Global
	GlobalSection(SolutionConfigurationPlatforms) = preSolution
		Debug|ARM = Debug|ARM
		Debug|ARM64 = Debug|ARM64
		Debug|x64 = Debug|x64
		Debug|x86 = Debug|x86
		Release|ARM = Release|ARM
		Release|ARM64 = Release|ARM64
		Release|x64 = Release|x64
		Release|x86 = Release|x86
	EndGlobalSection
	GlobalSection(ProjectConfigurationPlatforms) = postSolution
		{131FB26C-6A52-4777-B526-3F336A217C27}.Debug|ARM.ActiveCfg = Debug|x64
		{131FB26C-6A52-4777-B526-3F336A217C27}.Debug|ARM64.ActiveCfg = Debug|ARM64
		{131FB26C-6A52-4777-B526-3F336A217C27}.Debug|ARM64.Build.0 = Debug|ARM64
		{131FB26C-6A52-4777-B526-3F336A217C27}.Debug|x64.ActiveCfg = Debug|x64
		{131FB26C-6A52-4777-B526-3F336A217C27}.Debug|x64.Build.0 = Debug|x64
		{131FB26C-6A52-4777-B526-3F336A217C27}.Debug|x86.ActiveCfg = Debug|x64
		{131FB26C-6A52-4777-B526-3F336A217C27}.Release|ARM.ActiveCfg = Release|x64
		{131FB26C-6A52-4777-B526-3F336A217C27}.Release|ARM64.ActiveCfg = Release|ARM64
		{131FB26C-6A52-4777-B526-3F336A217C27}.Release|ARM64.Build.0 = Release|ARM64
		{131FB26C-6A52-4777-B526-3F336A217C27}.Release|x64.ActiveCfg = Release|x64
		{131FB26C-6A52-4777-B526-3F336A217C27}.Release|x64.Build.0 = Release|x64
		{131FB26C-6A52-4777-B526-3F336A217C27}.Release|x86.ActiveCfg = Release|x64
		{EA653918-CD73-4CE0-93A9-2C96CB570916}.Debug|ARM.ActiveCfg = Debug|x64
		{EA653918-CD73-4CE0-93A9-2C96CB570916}.Debug|ARM64.ActiveCfg = Debug|ARM64
		{EA653918-CD73-4CE0-93A9-2C96CB570916}.Debug|ARM64.Build.0 = Debug|ARM64
		{EA653918-CD73-4CE0-93A9-2C96CB570916}.Debug|ARM64.Deploy.0 = Debug|ARM64
		{EA653918-CD73-4CE0-93A9-2C96CB570916}.Debug|x64.ActiveCfg = Debug|x64
		{EA653918-CD73-4CE0-93A9-2C96CB570916}.Debug|x64.Build.0 = Debug|x64
		{EA653918-CD73-4CE0-93A9-2C96CB570916}.Debug|x64.Deploy.0 = Debug|x64
		{EA653918-CD73-4CE0-93A9-2C96CB570916}.Debug|x86.ActiveCfg = Debug|x64
		{EA653918-CD73-4CE0-93A9-2C96CB570916}.Release|ARM.ActiveCfg = Release|x64
		{EA653918-CD73-4CE0-93A9-2C96CB570916}.Release|ARM64.ActiveCfg = Release|ARM64
		{EA653918-CD73-4CE0-93A9-2C96CB570916}.Release|ARM64.Build.0 = Release|ARM64
		{EA653918-CD73-4CE0-93A9-2C96CB570916}.Release|ARM64.Deploy.0 = Release|ARM64
		{EA653918-CD73-4CE0-93A9-2C96CB570916}.Release|x64.ActiveCfg = Release|x64
		{EA653918-CD73-4CE0-93A9-2C96CB570916}.Release|x64.Build.0 = Release|x64
		{EA653918-CD73-4CE0-93A9-2C96CB570916}.Release|x64.Deploy.0 = Release|x64
		{EA653918-CD73-4CE0-93A9-2C96CB570916}.Release|x86.ActiveCfg = Release|x64
		{040ECBA0-8108-4F59-B732-A0A082AAF4AE}.Debug|ARM.ActiveCfg = Debug|Any CPU
		{040ECBA0-8108-4F59-B732-A0A082AAF4AE}.Debug|ARM64.ActiveCfg = Debug|Any CPU
		{040ECBA0-8108-4F59-B732-A0A082AAF4AE}.Debug|ARM64.Build.0 = Debug|Any CPU
		{040ECBA0-8108-4F59-B732-A0A082AAF4AE}.Debug|x64.ActiveCfg = Debug|Any CPU
		{040ECBA0-8108-4F59-B732-A0A082AAF4AE}.Debug|x64.Build.0 = Debug|Any CPU
		{040ECBA0-8108-4F59-B732-A0A082AAF4AE}.Debug|x86.ActiveCfg = Debug|Any CPU
		{040ECBA0-8108-4F59-B732-A0A082AAF4AE}.Release|ARM.ActiveCfg = Release|Any CPU
		{040ECBA0-8108-4F59-B732-A0A082AAF4AE}.Release|ARM64.ActiveCfg = Release|Any CPU
		{040ECBA0-8108-4F59-B732-A0A082AAF4AE}.Release|ARM64.Build.0 = Release|Any CPU
		{040ECBA0-8108-4F59-B732-A0A082AAF4AE}.Release|x64.ActiveCfg = Release|Any CPU
		{040ECBA0-8108-4F59-B732-A0A082AAF4AE}.Release|x64.Build.0 = Release|Any CPU
		{040ECBA0-8108-4F59-B732-A0A082AAF4AE}.Release|x86.ActiveCfg = Release|Any CPU
		{1F79F758-E026-4A4E-B0F0-3C4DB13C4297}.Debug|ARM.ActiveCfg = Debug|Any CPU
		{1F79F758-E026-4A4E-B0F0-3C4DB13C4297}.Debug|ARM.Build.0 = Debug|Any CPU
		{1F79F758-E026-4A4E-B0F0-3C4DB13C4297}.Debug|ARM64.ActiveCfg = Debug|Any CPU
		{1F79F758-E026-4A4E-B0F0-3C4DB13C4297}.Debug|ARM64.Build.0 = Debug|Any CPU
		{1F79F758-E026-4A4E-B0F0-3C4DB13C4297}.Debug|x64.ActiveCfg = Debug|Any CPU
		{1F79F758-E026-4A4E-B0F0-3C4DB13C4297}.Debug|x64.Build.0 = Debug|Any CPU
		{1F79F758-E026-4A4E-B0F0-3C4DB13C4297}.Debug|x86.ActiveCfg = Debug|Any CPU
		{1F79F758-E026-4A4E-B0F0-3C4DB13C4297}.Debug|x86.Build.0 = Debug|Any CPU
		{1F79F758-E026-4A4E-B0F0-3C4DB13C4297}.Release|ARM.ActiveCfg = Release|Any CPU
		{1F79F758-E026-4A4E-B0F0-3C4DB13C4297}.Release|ARM.Build.0 = Release|Any CPU
		{1F79F758-E026-4A4E-B0F0-3C4DB13C4297}.Release|ARM64.ActiveCfg = Release|Any CPU
		{1F79F758-E026-4A4E-B0F0-3C4DB13C4297}.Release|ARM64.Build.0 = Release|Any CPU
		{1F79F758-E026-4A4E-B0F0-3C4DB13C4297}.Release|x64.ActiveCfg = Release|Any CPU
		{1F79F758-E026-4A4E-B0F0-3C4DB13C4297}.Release|x64.Build.0 = Release|Any CPU
		{1F79F758-E026-4A4E-B0F0-3C4DB13C4297}.Release|x86.ActiveCfg = Release|Any CPU
		{1F79F758-E026-4A4E-B0F0-3C4DB13C4297}.Release|x86.Build.0 = Release|Any CPU
		{35C4F53B-0B03-477F-8287-721CB760E745}.Debug|ARM.ActiveCfg = Debug|Any CPU
		{35C4F53B-0B03-477F-8287-721CB760E745}.Debug|ARM.Build.0 = Debug|Any CPU
		{35C4F53B-0B03-477F-8287-721CB760E745}.Debug|ARM64.ActiveCfg = Debug|Any CPU
		{35C4F53B-0B03-477F-8287-721CB760E745}.Debug|ARM64.Build.0 = Debug|Any CPU
		{35C4F53B-0B03-477F-8287-721CB760E745}.Debug|x64.ActiveCfg = Debug|Any CPU
		{35C4F53B-0B03-477F-8287-721CB760E745}.Debug|x64.Build.0 = Debug|Any CPU
		{35C4F53B-0B03-477F-8287-721CB760E745}.Debug|x86.ActiveCfg = Debug|Any CPU
		{35C4F53B-0B03-477F-8287-721CB760E745}.Debug|x86.Build.0 = Debug|Any CPU
		{35C4F53B-0B03-477F-8287-721CB760E745}.Release|ARM.ActiveCfg = Release|Any CPU
		{35C4F53B-0B03-477F-8287-721CB760E745}.Release|ARM.Build.0 = Release|Any CPU
		{35C4F53B-0B03-477F-8287-721CB760E745}.Release|ARM64.ActiveCfg = Release|Any CPU
		{35C4F53B-0B03-477F-8287-721CB760E745}.Release|ARM64.Build.0 = Release|Any CPU
		{35C4F53B-0B03-477F-8287-721CB760E745}.Release|x64.ActiveCfg = Release|Any CPU
		{35C4F53B-0B03-477F-8287-721CB760E745}.Release|x64.Build.0 = Release|Any CPU
		{35C4F53B-0B03-477F-8287-721CB760E745}.Release|x86.ActiveCfg = Release|Any CPU
		{35C4F53B-0B03-477F-8287-721CB760E745}.Release|x86.Build.0 = Release|Any CPU
	EndGlobalSection
	GlobalSection(SolutionProperties) = preSolution
		HideSolutionNode = FALSE
	EndGlobalSection
	GlobalSection(ExtensibilityGlobals) = postSolution
		SolutionGuid = {7CF8B4C8-C712-4F21-B199-AAD7B33E50C7}
	EndGlobalSection
EndGlobal
